
Microsoft Visual Studio Solution File, Format Version 12.00
# Visual Studio Version 16
VisualStudioVersion = 16.0.31911.196
MinimumVisualStudioVersion = 10.0.40219.1
Project("{FAE04EC0-301F-11D3-BF4B-00C04F79EFBC}") = "IntroProject", "IntroProject\IntroProject.csproj", "{26043E67-9246-4AE8-B93A-32428958DBDC}"
EndProject
Global
	GlobalSection(SolutionConfigurationPlatforms) = preSolution
		Debug|Any CPU = Debug|Any CPU
		Release|Any CPU = Release|Any CPU
	EndGlobalSection
	GlobalSection(ProjectConfigurationPlatforms) = postSolution
		{26043E67-9246-4AE8-B93A-32428958DBDC}.Debug|Any CPU.ActiveCfg = Debug|Any CPU
		{26043E67-9246-4AE8-B93A-32428958DBDC}.Debug|Any CPU.Build.0 = Debug|Any CPU
		{26043E67-9246-4AE8-B93A-32428958DBDC}.Release|Any CPU.ActiveCfg = Release|Any CPU
		{26043E67-9246-4AE8-B93A-32428958DBDC}.Release|Any CPU.Build.0 = Release|Any CPU
	EndGlobalSection
	GlobalSection(SolutionProperties) = preSolution
		HideSolutionNode = FALSE
	EndGlobalSection
	GlobalSection(ExtensibilityGlobals) = postSolution
		SolutionGuid = {DAAC54C5-E208-47D6-9F17-7AB00FE2D925}
	EndGlobalSection
EndGlobal
